
Microsoft Visual Studio Solution File, Format Version 12.00
# Visual Studio Version 17
VisualStudioVersion = 17.9.34622.214
MinimumVisualStudioVersion = 10.0.40219.1
Project("{FAE04EC0-301F-11D3-BF4B-00C04F79EFBC}") = "NathanApp", "NathanApp\NathanApp.csproj", "{23E2446B-40A8-4C9C-9541-1D5741302BFF}"
EndProject
Global
	GlobalSection(SolutionConfigurationPlatforms) = preSolution
		Debug|Any CPU = Debug|Any CPU
		Release|Any CPU = Release|Any CPU
	EndGlobalSection
	GlobalSection(ProjectConfigurationPlatforms) = postSolution
		{23E2446B-40A8-4C9C-9541-1D5741302BFF}.Debug|Any CPU.ActiveCfg = Debug|Any CPU
		{23E2446B-40A8-4C9C-9541-1D5741302BFF}.Debug|Any CPU.Build.0 = Debug|Any CPU
		{23E2446B-40A8-4C9C-9541-1D5741302BFF}.Debug|Any CPU.Deploy.0 = Debug|Any CPU
		{23E2446B-40A8-4C9C-9541-1D5741302BFF}.Release|Any CPU.ActiveCfg = Release|Any CPU
		{23E2446B-40A8-4C9C-9541-1D5741302BFF}.Release|Any CPU.Build.0 = Release|Any CPU
		{23E2446B-40A8-4C9C-9541-1D5741302BFF}.Release|Any CPU.Deploy.0 = Release|Any CPU
	EndGlobalSection
	GlobalSection(SolutionProperties) = preSolution
		HideSolutionNode = FALSE
	EndGlobalSection
	GlobalSection(ExtensibilityGlobals) = postSolution
		SolutionGuid = {C19E3BF4-29D7-4012-BCB6-610024E7964D}
	EndGlobalSection
EndGlobal
